schema: '2.0'
stages:
  data_collection:
    cmd: python src/data_collection.py
    deps:
    - path: src/data_collection.py
      hash: md5
      md5: 07fc3aea7737ad2a6362bd2611bf605c
      size: 2788
    params:
      params.yaml:
        data_collection.dataset: sklearn_digits
        data_collection.random_seed: 42
        data_collection.raw_data_dir: data/raw
    outs:
    - path: data/raw
      hash: md5
      md5: f1749a5e50370b359950c85294c3e36b.dir
      size: 221992
      nfiles: 1797
  data_processing:
    cmd: python src/data_processing.py
    deps:
    - path: data/raw
      hash: md5
      md5: f1749a5e50370b359950c85294c3e36b.dir
      size: 221992
      nfiles: 1797
    - path: src/data_processing.py
      hash: md5
      md5: 40c9de02417c8c75da122d95fafcca6c
      size: 5433
    params:
      params.yaml:
        data_collection.random_seed: 42
        data_collection.raw_data_dir: data/raw
        data_processing.augmentation.enabled: true
        data_processing.augmentation.horizontal_flip: true
        data_processing.augmentation.rotation_range: 15
        data_processing.augmentation.zoom_range: 0.1
        data_processing.grayscale: true
        data_processing.image_size: 32
        data_processing.normalize: true
        data_processing.test_split: 0.15
        data_processing.val_split: 0.15
    outs:
    - path: data/processed
      hash: md5
      md5: d0732cfb1da79efdceda50d432744c7f.dir
      size: 2944109
      nfiles: 2
  feature_selection:
    cmd: python src/feature_selection.py
    deps:
    - path: data/processed
      hash: md5
      md5: d0732cfb1da79efdceda50d432744c7f.dir
      size: 2944109
      nfiles: 2
    - path: src/feature_selection.py
      hash: md5
      md5: 9b3201652eebab87061bca3552b4a175
      size: 3374
    params:
      params.yaml:
        feature_selection.method: select_k_best
        feature_selection.num_features: 300
        feature_selection.variance_threshold: 0.01
    outs:
    - path: data/features
      hash: md5
      md5: d8861a8e15fec4968afd2752c12e26e7.dir
      size: 1399757
      nfiles: 2
    - path: models/feature_selector.joblib
      hash: md5
      md5: 6539de551e24d986bd87b6c0ef31837b
      size: 16855
  model_training:
    cmd: python src/model_training.py
    deps:
    - path: data/features
      hash: md5
      md5: d8861a8e15fec4968afd2752c12e26e7.dir
      size: 1399757
      nfiles: 2
    - path: src/mlp.py
      hash: md5
      md5: cb39b0c4794d810c28b998e34bb34762
      size: 7669
    - path: src/model_training.py
      hash: md5
      md5: c00e9f6d4b276259c875f6109b6a8231
      size: 3348
    params:
      params.yaml:
        model_training.batch_size: 32
        model_training.dropout_rate: 0.3
        model_training.early_stopping_patience: 5
        model_training.epochs: 30
        model_training.hidden_layers:
        - 128
        - 64
        model_training.learning_rate: 0.001
        model_training.model_type: mlp
        model_training.optimizer: adam
        model_training.random_seed: 42
    outs:
    - path: metrics/train_history.json
      hash: md5
      md5: 9d2634c61d9e2e357042da6bfc51b8e4
      size: 2848
    - path: models/model.joblib
      hash: md5
      md5: 185678c19dc2aa6dce49d49d543f9cc4
      size: 570972
    - path: reports/training_curves.png
      hash: md5
      md5: a85fb95981af34b09881bbc8e29459c8
      size: 57120
  model_evaluation:
    cmd: python src/model_evaluation.py
    deps:
    - path: data/features
      hash: md5
      md5: d8861a8e15fec4968afd2752c12e26e7.dir
      size: 1399757
      nfiles: 2
    - path: models/model.joblib
      hash: md5
      md5: 185678c19dc2aa6dce49d49d543f9cc4
      size: 570972
    - path: src/model_evaluation.py
      hash: md5
      md5: 9a780e477cc113abad15a8478a5e238c
      size: 3157
    params:
      params.yaml:
        model_evaluation.confusion_matrix: true
        model_evaluation.metrics:
        - accuracy
        - precision
        - recall
        - f1
    outs:
    - path: metrics/eval_metrics.json
      hash: md5
      md5: aba145a24e0da246e088257ec48da7d1
      size: 156
    - path: reports/confusion_matrix.png
      hash: md5
      md5: c1035633673c64fa9f74bb173c81c9e9
      size: 39899
